
Microsoft Visual Studio Solution File, Format Version 12.00
# Visual Studio 15
VisualStudioVersion = 15.0.28307.1972
MinimumVisualStudioVersion = 10.0.40219.1
Project("{FAE04EC0-301F-11D3-BF4B-00C04F79EFBC}") = "Snake-Game", "Snake-Game\Snake-Game.csproj", "{63F0067E-C696-4F27-8EF3-36128002E21E}"
EndProject
Global
	GlobalSection(SolutionConfigurationPlatforms) = preSolution
		Debug|Any CPU = Debug|Any CPU
		Release|Any CPU = Release|Any CPU
	EndGlobalSection
	GlobalSection(ProjectConfigurationPlatforms) = postSolution
		{63F0067E-C696-4F27-8EF3-36128002E21E}.Debug|Any CPU.ActiveCfg = Debug|Any CPU
		{63F0067E-C696-4F27-8EF3-36128002E21E}.Debug|Any CPU.Build.0 = Debug|Any CPU
		{63F0067E-C696-4F27-8EF3-36128002E21E}.Release|Any CPU.ActiveCfg = Release|Any CPU
		{63F0067E-C696-4F27-8EF3-36128002E21E}.Release|Any CPU.Build.0 = Release|Any CPU
	EndGlobalSection
	GlobalSection(SolutionProperties) = preSolution
		HideSolutionNode = FALSE
	EndGlobalSection
	GlobalSection(ExtensibilityGlobals) = postSolution
		SolutionGuid = {1A70C4E9-BC10-4794-AAD3-57A13ED1F7EE}
	EndGlobalSection
EndGlobal
